
Microsoft Visual Studio Solution File, Format Version 12.00
# Visual Studio Version 16
VisualStudioVersion = 16.0.30330.147
MinimumVisualStudioVersion = 10.0.40219.1
Project("{9A19103F-16F7-4668-BE54-9A1E7A4F7556}") = "DesignPatterns", "DesignPatterns\DesignPatterns.csproj", "{68781314-A068-4429-9526-7127AB70F254}"
EndProject
Project("{2150E333-8FDC-42A3-9474-1A3956D46DE8}") = "Creational Patterns", "Creational Patterns", "{A2BBC341-5854-4C77-A966-EB4EBD5A0209}"
EndProject
Project("{FAE04EC0-301F-11D3-BF4B-00C04F79EFBC}") = "Factory Pattern", "Factory Pattern\Factory Pattern.csproj", "{58B97D9D-16B7-4CB4-8092-BCF7C77EC18F}"
EndProject
Global
	GlobalSection(SolutionConfigurationPlatforms) = preSolution
		Debug|Any CPU = Debug|Any CPU
		Release|Any CPU = Release|Any CPU
	EndGlobalSection
	GlobalSection(ProjectConfigurationPlatforms) = postSolution
		{68781314-A068-4429-9526-7127AB70F254}.Debug|Any CPU.ActiveCfg = Debug|Any CPU
		{68781314-A068-4429-9526-7127AB70F254}.Debug|Any CPU.Build.0 = Debug|Any CPU
		{68781314-A068-4429-9526-7127AB70F254}.Release|Any CPU.ActiveCfg = Release|Any CPU
		{68781314-A068-4429-9526-7127AB70F254}.Release|Any CPU.Build.0 = Release|Any CPU
		{58B97D9D-16B7-4CB4-8092-BCF7C77EC18F}.Debug|Any CPU.ActiveCfg = Debug|Any CPU
		{58B97D9D-16B7-4CB4-8092-BCF7C77EC18F}.Debug|Any CPU.Build.0 = Debug|Any CPU
		{58B97D9D-16B7-4CB4-8092-BCF7C77EC18F}.Release|Any CPU.ActiveCfg = Release|Any CPU
		{58B97D9D-16B7-4CB4-8092-BCF7C77EC18F}.Release|Any CPU.Build.0 = Release|Any CPU
	EndGlobalSection
	GlobalSection(SolutionProperties) = preSolution
		HideSolutionNode = FALSE
	EndGlobalSection
	GlobalSection(NestedProjects) = preSolution
		{58B97D9D-16B7-4CB4-8092-BCF7C77EC18F} = {A2BBC341-5854-4C77-A966-EB4EBD5A0209}
	EndGlobalSection
	GlobalSection(ExtensibilityGlobals) = postSolution
		SolutionGuid = {1CCCF75E-6647-4760-8296-CB3F914EE4F5}
	EndGlobalSection
EndGlobal
