
Microsoft Visual Studio Solution File, Format Version 12.00
# Visual Studio Version 16
VisualStudioVersion = 16.0.30330.147
MinimumVisualStudioVersion = 10.0.40219.1
Project("{9A19103F-16F7-4668-BE54-9A1E7A4F7556}") = "DesignPatterns", "DesignPatterns\DesignPatterns.csproj", "{68781314-A068-4429-9526-7127AB70F254}"
EndProject
Project("{2150E333-8FDC-42A3-9474-1A3956D46DE8}") = "Creational Patterns", "Creational Patterns", "{A2BBC341-5854-4C77-A966-EB4EBD5A0209}"
EndProject
Project("{9A19103F-16F7-4668-BE54-9A1E7A4F7556}") = "Factory Pattern", "Factory Pattern\Factory Pattern.csproj", "{58B97D9D-16B7-4CB4-8092-BCF7C77EC18F}"
EndProject
Project("{9A19103F-16F7-4668-BE54-9A1E7A4F7556}") = "Abstract Factory Pattern", "Abstract Factory Pattern\Abstract Factory Pattern.csproj", "{BF9595F9-6A32-4673-852A-FB9DFF593440}"
EndProject
Project("{FAE04EC0-301F-11D3-BF4B-00C04F79EFBC}") = "Builder Pattern", "Builder Pattern\Builder Pattern.csproj", "{FDB878C7-98BE-4FC8-AF88-1F3A47277AE7}"
EndProject
Project("{FAE04EC0-301F-11D3-BF4B-00C04F79EFBC}") = "Prototype Pattern", "Prototype Pattern\Prototype Pattern.csproj", "{BE0BAB7F-E808-4E4E-89BD-3A7D914E24BE}"
EndProject
Project("{FAE04EC0-301F-11D3-BF4B-00C04F79EFBC}") = "Singleton Pattern", "Singleton Pattern\Singleton Pattern.csproj", "{3E087B74-2232-4BD5-9165-78645085B98B}"
EndProject
Project("{2150E333-8FDC-42A3-9474-1A3956D46DE8}") = "Structural Patterns", "Structural Patterns", "{83044E97-63EA-4629-B347-D67807906F37}"
EndProject
Global
	GlobalSection(SolutionConfigurationPlatforms) = preSolution
		Debug|Any CPU = Debug|Any CPU
		Release|Any CPU = Release|Any CPU
	EndGlobalSection
	GlobalSection(ProjectConfigurationPlatforms) = postSolution
		{68781314-A068-4429-9526-7127AB70F254}.Debug|Any CPU.ActiveCfg = Debug|Any CPU
		{68781314-A068-4429-9526-7127AB70F254}.Debug|Any CPU.Build.0 = Debug|Any CPU
		{68781314-A068-4429-9526-7127AB70F254}.Release|Any CPU.ActiveCfg = Release|Any CPU
		{68781314-A068-4429-9526-7127AB70F254}.Release|Any CPU.Build.0 = Release|Any CPU
		{58B97D9D-16B7-4CB4-8092-BCF7C77EC18F}.Debug|Any CPU.ActiveCfg = Debug|Any CPU
		{58B97D9D-16B7-4CB4-8092-BCF7C77EC18F}.Debug|Any CPU.Build.0 = Debug|Any CPU
		{58B97D9D-16B7-4CB4-8092-BCF7C77EC18F}.Release|Any CPU.ActiveCfg = Release|Any CPU
		{58B97D9D-16B7-4CB4-8092-BCF7C77EC18F}.Release|Any CPU.Build.0 = Release|Any CPU
		{BF9595F9-6A32-4673-852A-FB9DFF593440}.Debug|Any CPU.ActiveCfg = Debug|Any CPU
		{BF9595F9-6A32-4673-852A-FB9DFF593440}.Debug|Any CPU.Build.0 = Debug|Any CPU
		{BF9595F9-6A32-4673-852A-FB9DFF593440}.Release|Any CPU.ActiveCfg = Release|Any CPU
		{BF9595F9-6A32-4673-852A-FB9DFF593440}.Release|Any CPU.Build.0 = Release|Any CPU
		{FDB878C7-98BE-4FC8-AF88-1F3A47277AE7}.Debug|Any CPU.ActiveCfg = Debug|Any CPU
		{FDB878C7-98BE-4FC8-AF88-1F3A47277AE7}.Debug|Any CPU.Build.0 = Debug|Any CPU
		{FDB878C7-98BE-4FC8-AF88-1F3A47277AE7}.Release|Any CPU.ActiveCfg = Release|Any CPU
		{FDB878C7-98BE-4FC8-AF88-1F3A47277AE7}.Release|Any CPU.Build.0 = Release|Any CPU
		{BE0BAB7F-E808-4E4E-89BD-3A7D914E24BE}.Debug|Any CPU.ActiveCfg = Debug|Any CPU
		{BE0BAB7F-E808-4E4E-89BD-3A7D914E24BE}.Debug|Any CPU.Build.0 = Debug|Any CPU
		{BE0BAB7F-E808-4E4E-89BD-3A7D914E24BE}.Release|Any CPU.ActiveCfg = Release|Any CPU
		{BE0BAB7F-E808-4E4E-89BD-3A7D914E24BE}.Release|Any CPU.Build.0 = Release|Any CPU
		{3E087B74-2232-4BD5-9165-78645085B98B}.Debug|Any CPU.ActiveCfg = Debug|Any CPU
		{3E087B74-2232-4BD5-9165-78645085B98B}.Debug|Any CPU.Build.0 = Debug|Any CPU
		{3E087B74-2232-4BD5-9165-78645085B98B}.Release|Any CPU.ActiveCfg = Release|Any CPU
		{3E087B74-2232-4BD5-9165-78645085B98B}.Release|Any CPU.Build.0 = Release|Any CPU
	EndGlobalSection
	GlobalSection(SolutionProperties) = preSolution
		HideSolutionNode = FALSE
	EndGlobalSection
	GlobalSection(NestedProjects) = preSolution
		{58B97D9D-16B7-4CB4-8092-BCF7C77EC18F} = {A2BBC341-5854-4C77-A966-EB4EBD5A0209}
		{BF9595F9-6A32-4673-852A-FB9DFF593440} = {A2BBC341-5854-4C77-A966-EB4EBD5A0209}
		{FDB878C7-98BE-4FC8-AF88-1F3A47277AE7} = {A2BBC341-5854-4C77-A966-EB4EBD5A0209}
		{BE0BAB7F-E808-4E4E-89BD-3A7D914E24BE} = {A2BBC341-5854-4C77-A966-EB4EBD5A0209}
		{3E087B74-2232-4BD5-9165-78645085B98B} = {A2BBC341-5854-4C77-A966-EB4EBD5A0209}
	EndGlobalSection
	GlobalSection(ExtensibilityGlobals) = postSolution
		SolutionGuid = {1CCCF75E-6647-4760-8296-CB3F914EE4F5}
	EndGlobalSection
EndGlobal
